
Microsoft Visual Studio Solution File, Format Version 12.00
# Visual Studio Version 17
VisualStudioVersion = 17.6.33927.249
MinimumVisualStudioVersion = 10.0.40219.1
Project("{FAE04EC0-301F-11D3-BF4B-00C04F79EFBC}") = "SchoollTwoWebApi", "SchoollTwoWebApi\SchoollTwoWebApi.csproj", "{417A1244-B1AA-4F4D-A34A-5A57376D747E}"
EndProject
Global
	GlobalSection(SolutionConfigurationPlatforms) = preSolution
		Debug|Any CPU = Debug|Any CPU
		Release|Any CPU = Release|Any CPU
	EndGlobalSection
	GlobalSection(ProjectConfigurationPlatforms) = postSolution
		{417A1244-B1AA-4F4D-A34A-5A57376D747E}.Debug|Any CPU.ActiveCfg = Debug|Any CPU
		{417A1244-B1AA-4F4D-A34A-5A57376D747E}.Debug|Any CPU.Build.0 = Debug|Any CPU
		{417A1244-B1AA-4F4D-A34A-5A57376D747E}.Release|Any CPU.ActiveCfg = Release|Any CPU
		{417A1244-B1AA-4F4D-A34A-5A57376D747E}.Release|Any CPU.Build.0 = Release|Any CPU
	EndGlobalSection
	GlobalSection(SolutionProperties) = preSolution
		HideSolutionNode = FALSE
	EndGlobalSection
	GlobalSection(ExtensibilityGlobals) = postSolution
		SolutionGuid = {03F9C3C4-AB45-4EAD-9028-ED777898CF0D}
	EndGlobalSection
EndGlobal
